{
  "version": 4,
  "terraform_version": "1.1.9",
  "serial": 121,
  "lineage": "c629ee7e-1700-5c7d-6c41-045d5a9dec56",
  "outputs": {
    "firstblock": {
      "value": "This is a first block",
      "type": "string"
    },
    "list": {
      "value": "Lists items are varun, sonavni, sa \u0026\u0026 varun--\u003esonavni--\u003esa",
      "type": "string"
    },
    "name": {
      "value": "Hello, demo-user",
      "type": "string"
    },
    "password": {
      "value": "Hello, 5",
      "type": "string"
    },
    "print": {
      "value": "username1 is Varun Sonavni \u0026 number1 is 1000",
      "type": "string"
    }
  },
  "resources": [
    {
      "mode": "managed",
      "type": "aws_instance",
      "name": "web",
      "provider": "provider[\"registry.terraform.io/hashicorp/aws\"]",
      "instances": [
        {
          "schema_version": 1,
          "attributes": {
            "ami": "ami-0c4f7023847b90238",
            "arn": "arn:aws:ec2:us-east-1:481195286011:instance/i-03f96e3c9a040cfab",
            "associate_public_ip_address": true,
            "availability_zone": "us-east-1c",
            "capacity_reservation_specification": [
              {
                "capacity_reservation_preference": "open",
                "capacity_reservation_target": []
              }
            ],
            "cpu_core_count": 1,
            "cpu_threads_per_core": 1,
            "credit_specification": [
              {
                "cpu_credits": "standard"
              }
            ],
            "disable_api_termination": false,
            "ebs_block_device": [],
            "ebs_optimized": false,
            "enclave_options": [
              {
                "enabled": false
              }
            ],
            "ephemeral_block_device": [],
            "get_password_data": false,
            "hibernation": false,
            "host_id": null,
            "iam_instance_profile": "",
            "id": "i-03f96e3c9a040cfab",
            "instance_initiated_shutdown_behavior": "stop",
            "instance_state": "running",
            "instance_type": "t2.micro",
            "ipv6_address_count": 0,
            "ipv6_addresses": [],
            "key_name": "terraform-key",
            "launch_template": [],
            "maintenance_options": [
              {
                "auto_recovery": "default"
              }
            ],
            "metadata_options": [
              {
                "http_endpoint": "enabled",
                "http_put_response_hop_limit": 1,
                "http_tokens": "optional",
                "instance_metadata_tags": "disabled"
              }
            ],
            "monitoring": false,
            "network_interface": [],
            "outpost_arn": "",
            "password_data": "",
            "placement_group": "",
            "placement_partition_number": null,
            "primary_network_interface_id": "eni-0b80ad65a3fc8bf9a",
            "private_dns": "ip-172-31-30-237.ec2.internal",
            "private_ip": "172.31.30.237",
            "public_dns": "ec2-54-90-139-218.compute-1.amazonaws.com",
            "public_ip": "54.90.139.218",
            "root_block_device": [
              {
                "delete_on_termination": true,
                "device_name": "/dev/sda1",
                "encrypted": false,
                "iops": 100,
                "kms_key_id": "",
                "tags": {},
                "throughput": 0,
                "volume_id": "vol-0e1a37fe2a0c71871",
                "volume_size": 8,
                "volume_type": "gp2"
              }
            ],
            "secondary_private_ips": [],
            "security_groups": [
              "terraform_sg"
            ],
            "source_dest_check": true,
            "subnet_id": "subnet-0d08ea48ed377626c",
            "tags": {
              "Name": "Myserver1"
            },
            "tags_all": {
              "Name": "Myserver1"
            },
            "tenancy": "default",
            "timeouts": null,
            "user_data": "81a13a1bb72a6ebed564971948e0542121e1d4e6",
            "user_data_base64": null,
            "user_data_replace_on_change": false,
            "volume_tags": null,
            "vpc_security_group_ids": [
              "sg-0bdbead4a7e50b6ea"
            ]
          },
          "sensitive_attributes": [],
          "private": "eyJlMmJmYjczMC1lY2FhLTExZTYtOGY4OC0zNDM2M2JjN2M0YzAiOnsiY3JlYXRlIjo2MDAwMDAwMDAwMDAsImRlbGV0ZSI6MTIwMDAwMDAwMDAwMCwidXBkYXRlIjo2MDAwMDAwMDAwMDB9LCJzY2hlbWFfdmVyc2lvbiI6IjEifQ==",
          "dependencies": [
            "aws_key_pair.terraform-key",
            "aws_security_group.allow_tls"
          ]
        }
      ]
    },
    {
      "mode": "managed",
      "type": "aws_key_pair",
      "name": "terraform-key",
      "provider": "provider[\"registry.terraform.io/hashicorp/aws\"]",
      "instances": [
        {
          "schema_version": 1,
          "attributes": {
            "arn": "arn:aws:ec2:us-east-1:481195286011:key-pair/terraform-key",
            "fingerprint": "38:dd:69:48:50:24:43:60:41:b2:8a:94:8d:5d:4e:16",
            "id": "terraform-key",
            "key_name": "terraform-key",
            "key_name_prefix": "",
            "key_pair_id": "key-0f412b2bb1b88580a",
            "public_key": "ssh-rsa AAAAB3NzaC1yc2EAAAADAQABAAABgQDIJr4Rvif86NOVbpSBaNA4+hjDwqwVbPC9iJtEiyc1AjlGNepUdHHdxkLNvoCyN0CAyhqSfsStbySrCDvSrNBgZsmaU7RXPFoMoTm3YS/1L2YpJ+ZJJrW+WZNhSZeA+Tz2DX8ycdtJEPKr2sHd6ijXmcXjdWisocEOqqnhRGfjgJnGm2vLUPkoi49ZjHF9zNty9dKncYfvelVbHzz8Mzmahy/J9I5i1j6a3OGYra34WVnTc63L/H/iOChtTZ+O/HyNmC4f9aeyCWu1M/31NvULE109ApmIVIJ+xA3kTDK+FUU2/3PbL+4iNP20dor496RY9ySOVr1J++gerv6D7QXwrC+l0N3eUv+xKj2I4DLZJibzwZFGZNJrbxwR5RJG1iyfyH+qfMbyYKlS7ENPNPAuCHfpB4eISHVP+bXsg8tAQnyojMDroj9GDalEApF22SWL9RPdGjvnbocfYHbAHjCJmuJY8gnkGErG1sCa23Wh+ow9jRrawfFsJRwJHUBZlm0= varun@varun",
            "tags": null,
            "tags_all": {}
          },
          "sensitive_attributes": [],
          "private": "eyJzY2hlbWFfdmVyc2lvbiI6IjEifQ=="
        }
      ]
    },
    {
      "mode": "managed",
      "type": "aws_security_group",
      "name": "allow_tls",
      "provider": "provider[\"registry.terraform.io/hashicorp/aws\"]",
      "instances": [
        {
          "schema_version": 1,
          "attributes": {
            "arn": "arn:aws:ec2:us-east-1:481195286011:security-group/sg-0bdbead4a7e50b6ea",
            "description": "Allow TLS inbound traffic",
            "egress": [
              {
                "cidr_blocks": [
                  "0.0.0.0/0"
                ],
                "description": "",
                "from_port": 0,
                "ipv6_cidr_blocks": [],
                "prefix_list_ids": [],
                "protocol": "-1",
                "security_groups": [],
                "self": false,
                "to_port": 0
              }
            ],
            "id": "sg-0bdbead4a7e50b6ea",
            "ingress": [
              {
                "cidr_blocks": [
                  "0.0.0.0/0"
                ],
                "description": "TLS from VPC",
                "from_port": 22,
                "ipv6_cidr_blocks": [],
                "prefix_list_ids": [],
                "protocol": "tcp",
                "security_groups": [],
                "self": false,
                "to_port": 22
              },
              {
                "cidr_blocks": [
                  "0.0.0.0/0"
                ],
                "description": "TLS from VPC",
                "from_port": 3306,
                "ipv6_cidr_blocks": [],
                "prefix_list_ids": [],
                "protocol": "tcp",
                "security_groups": [],
                "self": false,
                "to_port": 3306
              },
              {
                "cidr_blocks": [
                  "0.0.0.0/0"
                ],
                "description": "TLS from VPC",
                "from_port": 443,
                "ipv6_cidr_blocks": [],
                "prefix_list_ids": [],
                "protocol": "tcp",
                "security_groups": [],
                "self": false,
                "to_port": 443
              },
              {
                "cidr_blocks": [
                  "0.0.0.0/0"
                ],
                "description": "TLS from VPC",
                "from_port": 80,
                "ipv6_cidr_blocks": [],
                "prefix_list_ids": [],
                "protocol": "tcp",
                "security_groups": [],
                "self": false,
                "to_port": 80
              }
            ],
            "name": "terraform_sg",
            "name_prefix": "",
            "owner_id": "481195286011",
            "revoke_rules_on_delete": false,
            "tags": null,
            "tags_all": {},
            "timeouts": null,
            "vpc_id": "vpc-052fd778efb5e7950"
          },
          "sensitive_attributes": [],
          "private": "eyJlMmJmYjczMC1lY2FhLTExZTYtOGY4OC0zNDM2M2JjN2M0YzAiOnsiY3JlYXRlIjo2MDAwMDAwMDAwMDAsImRlbGV0ZSI6OTAwMDAwMDAwMDAwfSwic2NoZW1hX3ZlcnNpb24iOiIxIn0="
        }
      ]
    },
    {
      "mode": "managed",
      "type": "github_repository",
      "name": "repo",
      "provider": "provider[\"registry.terraform.io/hashicorp/github\"]",
      "instances": [
        {
          "schema_version": 0,
          "attributes": {
            "allow_auto_merge": false,
            "allow_merge_commit": true,
            "allow_rebase_merge": true,
            "allow_squash_merge": true,
            "archive_on_destroy": null,
            "archived": false,
            "auto_init": true,
            "branches": [
              {
                "name": "main",
                "protected": false
              }
            ],
            "default_branch": "main",
            "delete_branch_on_merge": false,
            "description": "Gitrepo by Terraform",
            "etag": "W/\"02b065e4c2ef9c17d76b3ccacf95d0f7f15c41f0b6f2bac29d4131c8aa1a998f\"",
            "full_name": "varunsonavni/FirstRepo",
            "git_clone_url": "git://github.com/varunsonavni/FirstRepo.git",
            "gitignore_template": null,
            "has_downloads": false,
            "has_issues": false,
            "has_projects": false,
            "has_wiki": false,
            "homepage_url": "",
            "html_url": "https://github.com/varunsonavni/FirstRepo",
            "http_clone_url": "https://github.com/varunsonavni/FirstRepo.git",
            "id": "FirstRepo",
            "ignore_vulnerability_alerts_during_read": null,
            "is_template": false,
            "license_template": null,
            "name": "FirstRepo",
            "node_id": "R_kgDOHThRpA",
            "pages": [],
            "private": false,
            "repo_id": 490230180,
            "ssh_clone_url": "git@github.com:varunsonavni/FirstRepo.git",
            "svn_url": "https://github.com/varunsonavni/FirstRepo",
            "template": [],
            "topics": null,
            "visibility": "public",
            "vulnerability_alerts": false
          },
          "sensitive_attributes": [],
          "private": "bnVsbA=="
        }
      ]
    }
  ]
}
